
Microsoft Visual Studio Solution File, Format Version 12.00
# Visual Studio Version 17
VisualStudioVersion = 17.14.36310.24
MinimumVisualStudioVersion = 10.0.40219.1
Project("{FAE04EC0-301F-11D3-BF4B-00C04F79EFBC}") = "AdvertisingPlatform.Application", "AdvertisingPlatform.Application\AdvertisingPlatform.Application.csproj", "{1D5E1B97-818A-4EDD-A216-DA947BAC8D03}"
EndProject
Project("{FAE04EC0-301F-11D3-BF4B-00C04F79EFBC}") = "AdvertisingPlatform.Infrastructure", "AdvertisingPlatform.Infrastructure\AdvertisingPlatform.Infrastructure.csproj", "{6BB970ED-DF61-4885-8E1E-5BE5BC81BA39}"
EndProject
Project("{FAE04EC0-301F-11D3-BF4B-00C04F79EFBC}") = "AdvertisingPlatform.API", "AdvertisingPlatform.API\AdvertisingPlatform.API.csproj", "{2F62EE4C-867F-4B9E-8859-A3A90C4689E3}"
EndProject
Project("{FAE04EC0-301F-11D3-BF4B-00C04F79EFBC}") = "Shared", "..\Shared\Shared\Shared.csproj", "{626B1D52-BBD1-11BC-B02F-BAA61CE5EAB1}"
EndProject
Global
	GlobalSection(SolutionConfigurationPlatforms) = preSolution
		Debug|Any CPU = Debug|Any CPU
		Release|Any CPU = Release|Any CPU
	EndGlobalSection
	GlobalSection(ProjectConfigurationPlatforms) = postSolution
		{1D5E1B97-818A-4EDD-A216-DA947BAC8D03}.Debug|Any CPU.ActiveCfg = Debug|Any CPU
		{1D5E1B97-818A-4EDD-A216-DA947BAC8D03}.Debug|Any CPU.Build.0 = Debug|Any CPU
		{1D5E1B97-818A-4EDD-A216-DA947BAC8D03}.Release|Any CPU.ActiveCfg = Release|Any CPU
		{1D5E1B97-818A-4EDD-A216-DA947BAC8D03}.Release|Any CPU.Build.0 = Release|Any CPU
		{6BB970ED-DF61-4885-8E1E-5BE5BC81BA39}.Debug|Any CPU.ActiveCfg = Debug|Any CPU
		{6BB970ED-DF61-4885-8E1E-5BE5BC81BA39}.Debug|Any CPU.Build.0 = Debug|Any CPU
		{6BB970ED-DF61-4885-8E1E-5BE5BC81BA39}.Release|Any CPU.ActiveCfg = Release|Any CPU
		{6BB970ED-DF61-4885-8E1E-5BE5BC81BA39}.Release|Any CPU.Build.0 = Release|Any CPU
		{2F62EE4C-867F-4B9E-8859-A3A90C4689E3}.Debug|Any CPU.ActiveCfg = Debug|Any CPU
		{2F62EE4C-867F-4B9E-8859-A3A90C4689E3}.Debug|Any CPU.Build.0 = Debug|Any CPU
		{2F62EE4C-867F-4B9E-8859-A3A90C4689E3}.Release|Any CPU.ActiveCfg = Release|Any CPU
		{2F62EE4C-867F-4B9E-8859-A3A90C4689E3}.Release|Any CPU.Build.0 = Release|Any CPU
		{626B1D52-BBD1-11BC-B02F-BAA61CE5EAB1}.Debug|Any CPU.ActiveCfg = Debug|Any CPU
		{626B1D52-BBD1-11BC-B02F-BAA61CE5EAB1}.Debug|Any CPU.Build.0 = Debug|Any CPU
		{626B1D52-BBD1-11BC-B02F-BAA61CE5EAB1}.Release|Any CPU.ActiveCfg = Release|Any CPU
		{626B1D52-BBD1-11BC-B02F-BAA61CE5EAB1}.Release|Any CPU.Build.0 = Release|Any CPU
	EndGlobalSection
	GlobalSection(SolutionProperties) = preSolution
		HideSolutionNode = FALSE
	EndGlobalSection
	GlobalSection(ExtensibilityGlobals) = postSolution
		SolutionGuid = {CAFBFBC2-A072-4419-B312-DE06A92AA5ED}
	EndGlobalSection
EndGlobal
